
Microsoft Visual Studio Solution File, Format Version 12.00
# Visual Studio Version 16
VisualStudioVersion = 16.0.29001.49
MinimumVisualStudioVersion = 10.0.40219.1
Project("{FAE04EC0-301F-11D3-BF4B-00C04F79EFBC}") = "LS.Project", "LS.Project\LS.Project.csproj", "{C5515501-3F10-4AFA-AED5-B61886976D04}"
EndProject
Project("{FAE04EC0-301F-11D3-BF4B-00C04F79EFBC}") = "LS.Common", "LS.Common\LS.Common.csproj", "{3B050C01-5170-42C3-B570-FB694D5C69B5}"
EndProject
Project("{FAE04EC0-301F-11D3-BF4B-00C04F79EFBC}") = "LS.Cores", "LS.Cores\LS.Cores.csproj", "{EEC00364-A7A2-4B9B-AC79-235FFA21D31B}"
EndProject
Project("{FAE04EC0-301F-11D3-BF4B-00C04F79EFBC}") = "LS.Entitys", "LS.Entitys\LS.Entitys.csproj", "{9C1AA867-5A8D-4C38-88B1-49BE1A67A0FB}"
EndProject
Project("{FAE04EC0-301F-11D3-BF4B-00C04F79EFBC}") = "ConsoleApp1", "ConsoleApp1\ConsoleApp1.csproj", "{3A78E4DC-8A8B-40B6-9F3A-22638A71C1FC}"
EndProject
Global
	GlobalSection(SolutionConfigurationPlatforms) = preSolution
		Debug|Any CPU = Debug|Any CPU
		Release|Any CPU = Release|Any CPU
	EndGlobalSection
	GlobalSection(ProjectConfigurationPlatforms) = postSolution
		{C5515501-3F10-4AFA-AED5-B61886976D04}.Debug|Any CPU.ActiveCfg = Debug|Any CPU
		{C5515501-3F10-4AFA-AED5-B61886976D04}.Debug|Any CPU.Build.0 = Debug|Any CPU
		{C5515501-3F10-4AFA-AED5-B61886976D04}.Release|Any CPU.ActiveCfg = Release|Any CPU
		{C5515501-3F10-4AFA-AED5-B61886976D04}.Release|Any CPU.Build.0 = Release|Any CPU
		{3B050C01-5170-42C3-B570-FB694D5C69B5}.Debug|Any CPU.ActiveCfg = Debug|Any CPU
		{3B050C01-5170-42C3-B570-FB694D5C69B5}.Debug|Any CPU.Build.0 = Debug|Any CPU
		{3B050C01-5170-42C3-B570-FB694D5C69B5}.Release|Any CPU.ActiveCfg = Release|Any CPU
		{3B050C01-5170-42C3-B570-FB694D5C69B5}.Release|Any CPU.Build.0 = Release|Any CPU
		{EEC00364-A7A2-4B9B-AC79-235FFA21D31B}.Debug|Any CPU.ActiveCfg = Debug|Any CPU
		{EEC00364-A7A2-4B9B-AC79-235FFA21D31B}.Debug|Any CPU.Build.0 = Debug|Any CPU
		{EEC00364-A7A2-4B9B-AC79-235FFA21D31B}.Release|Any CPU.ActiveCfg = Release|Any CPU
		{EEC00364-A7A2-4B9B-AC79-235FFA21D31B}.Release|Any CPU.Build.0 = Release|Any CPU
		{9C1AA867-5A8D-4C38-88B1-49BE1A67A0FB}.Debug|Any CPU.ActiveCfg = Debug|Any CPU
		{9C1AA867-5A8D-4C38-88B1-49BE1A67A0FB}.Debug|Any CPU.Build.0 = Debug|Any CPU
		{9C1AA867-5A8D-4C38-88B1-49BE1A67A0FB}.Release|Any CPU.ActiveCfg = Release|Any CPU
		{9C1AA867-5A8D-4C38-88B1-49BE1A67A0FB}.Release|Any CPU.Build.0 = Release|Any CPU
		{3A78E4DC-8A8B-40B6-9F3A-22638A71C1FC}.Debug|Any CPU.ActiveCfg = Debug|Any CPU
		{3A78E4DC-8A8B-40B6-9F3A-22638A71C1FC}.Debug|Any CPU.Build.0 = Debug|Any CPU
		{3A78E4DC-8A8B-40B6-9F3A-22638A71C1FC}.Release|Any CPU.ActiveCfg = Release|Any CPU
		{3A78E4DC-8A8B-40B6-9F3A-22638A71C1FC}.Release|Any CPU.Build.0 = Release|Any CPU
	EndGlobalSection
	GlobalSection(SolutionProperties) = preSolution
		HideSolutionNode = FALSE
	EndGlobalSection
	GlobalSection(ExtensibilityGlobals) = postSolution
		SolutionGuid = {BEE50057-F02D-4E33-B748-9BA429353320}
	EndGlobalSection
EndGlobal
